
Microsoft Visual Studio Solution File, Format Version 12.00
# Visual Studio Express 2012 for Windows Desktop
Project("{FAE04EC0-301F-11D3-BF4B-00C04F79EFBC}") = "FileReader", "FileReader\FileReader.csproj", "{71EE423A-A9A3-4879-ADD8-585E8DFAFF99}"
EndProject
Global
	GlobalSection(SolutionConfigurationPlatforms) = preSolution
		Debug|Any CPU = Debug|Any CPU
		Release|Any CPU = Release|Any CPU
	EndGlobalSection
	GlobalSection(ProjectConfigurationPlatforms) = postSolution
		{71EE423A-A9A3-4879-ADD8-585E8DFAFF99}.Debug|Any CPU.ActiveCfg = Debug|Any CPU
		{71EE423A-A9A3-4879-ADD8-585E8DFAFF99}.Debug|Any CPU.Build.0 = Debug|Any CPU
		{71EE423A-A9A3-4879-ADD8-585E8DFAFF99}.Release|Any CPU.ActiveCfg = Release|Any CPU
		{71EE423A-A9A3-4879-ADD8-585E8DFAFF99}.Release|Any CPU.Build.0 = Release|Any CPU
	EndGlobalSection
	GlobalSection(SolutionProperties) = preSolution
		HideSolutionNode = FALSE
	EndGlobalSection
EndGlobal
